
Microsoft Visual Studio Solution File, Format Version 12.00
# Visual Studio 15
VisualStudioVersion = 15.0.27205.0
MinimumVisualStudioVersion = 10.0.40219.1
Project("{FAE04EC0-301F-11D3-BF4B-00C04F79EFBC}") = "GitHubDashboard", "GitHubDashboard\GitHubDashboard.csproj", "{3DF5B0F6-6C3E-46EB-B63B-201B32DAF9CC}"
EndProject
Global
	GlobalSection(SolutionConfigurationPlatforms) = preSolution
		Debug|Any CPU = Debug|Any CPU
		Release|Any CPU = Release|Any CPU
	EndGlobalSection
	GlobalSection(ProjectConfigurationPlatforms) = postSolution
		{3DF5B0F6-6C3E-46EB-B63B-201B32DAF9CC}.Debug|Any CPU.ActiveCfg = Debug|Any CPU
		{3DF5B0F6-6C3E-46EB-B63B-201B32DAF9CC}.Debug|Any CPU.Build.0 = Debug|Any CPU
		{3DF5B0F6-6C3E-46EB-B63B-201B32DAF9CC}.Release|Any CPU.ActiveCfg = Release|Any CPU
		{3DF5B0F6-6C3E-46EB-B63B-201B32DAF9CC}.Release|Any CPU.Build.0 = Release|Any CPU
	EndGlobalSection
	GlobalSection(SolutionProperties) = preSolution
		HideSolutionNode = FALSE
	EndGlobalSection
	GlobalSection(ExtensibilityGlobals) = postSolution
		SolutionGuid = {EDAD9A18-B3DF-40A7-BA01-D2F3CD93A41F}
	EndGlobalSection
EndGlobal
